// !$*UTF8*$!
{
	archiveVersion = 1;
	classes = {
	};
	objectVersion = 50;
	objects = {

/* Begin PBXBuildFile section */
		4742AC0422802A6A00CC32C5 /* DataService.swift in Sources */ = {isa = PBXBuildFile; fileRef = 4742AC0322802A6A00CC32C5 /* DataService.swift */; };
		4742AC0622847A1600CC32C5 /* UpdateService.swift in Sources */ = {isa = PBXBuildFile; fileRef = 4742AC0522847A1600CC32C5 /* UpdateService.swift */; };
		4742AC0822847F9600CC32C5 /* DriverAnnotation.swift in Sources */ = {isa = PBXBuildFile; fileRef = 4742AC0722847F9600CC32C5 /* DriverAnnotation.swift */; };
		4742AC0A228C488000CC32C5 /* PassengerAnnotation.swift in Sources */ = {isa = PBXBuildFile; fileRef = 4742AC09228C488000CC32C5 /* PassengerAnnotation.swift */; };
		4742AC0C228D6C4400CC32C5 /* UiViewControllerExt.swift in Sources */ = {isa = PBXBuildFile; fileRef = 4742AC0B228D6C4400CC32C5 /* UiViewControllerExt.swift */; };
		4742AC0E228D9D3100CC32C5 /* Alertable.swift in Sources */ = {isa = PBXBuildFile; fileRef = 4742AC0D228D9D3100CC32C5 /* Alertable.swift */; };
		4742AC10228DBBE700CC32C5 /* PickupViewController.swift in Sources */ = {isa = PBXBuildFile; fileRef = 4742AC0F228DBBE700CC32C5 /* PickupViewController.swift */; };
		4742AC12228DBCC000CC32C5 /* RoundMapView.swift in Sources */ = {isa = PBXBuildFile; fileRef = 4742AC11228DBCC000CC32C5 /* RoundMapView.swift */; };
		4777C689226F736800155D0F /* AppDelegate.swift in Sources */ = {isa = PBXBuildFile; fileRef = 4777C688226F736800155D0F /* AppDelegate.swift */; };
		4777C68B226F736800155D0F /* HomeViewController.swift in Sources */ = {isa = PBXBuildFile; fileRef = 4777C68A226F736800155D0F /* HomeViewController.swift */; };
		4777C68E226F736800155D0F /* Main.storyboard in Resources */ = {isa = PBXBuildFile; fileRef = 4777C68C226F736800155D0F /* Main.storyboard */; };
		4777C690226F736E00155D0F /* Assets.xcassets in Resources */ = {isa = PBXBuildFile; fileRef = 4777C68F226F736E00155D0F /* Assets.xcassets */; };
		4777C693226F736E00155D0F /* LaunchScreen.storyboard in Resources */ = {isa = PBXBuildFile; fileRef = 4777C691226F736E00155D0F /* LaunchScreen.storyboard */; };
		4777C69E2271DACC00155D0F /* GradientView.swift in Sources */ = {isa = PBXBuildFile; fileRef = 4777C69D2271DACC00155D0F /* GradientView.swift */; };
		4777C6A02271E33500155D0F /* RoundImageView.swift in Sources */ = {isa = PBXBuildFile; fileRef = 4777C69F2271E33500155D0F /* RoundImageView.swift */; };
		4777C6A22271E44900155D0F /* RoundedShadowView.swift in Sources */ = {isa = PBXBuildFile; fileRef = 4777C6A12271E44900155D0F /* RoundedShadowView.swift */; };
		4777C6A42271E53B00155D0F /* CircleView.swift in Sources */ = {isa = PBXBuildFile; fileRef = 4777C6A32271E53B00155D0F /* CircleView.swift */; };
		4777C6A62271E6FC00155D0F /* RoundedShadowButton.swift in Sources */ = {isa = PBXBuildFile; fileRef = 4777C6A52271E6FC00155D0F /* RoundedShadowButton.swift */; };
		4777C6A82272046C00155D0F /* SlidePanelViewController.swift in Sources */ = {isa = PBXBuildFile; fileRef = 4777C6A72272046C00155D0F /* SlidePanelViewController.swift */; };
		4777C6AA2272050800155D0F /* ContainerViewController.swift in Sources */ = {isa = PBXBuildFile; fileRef = 4777C6A92272050800155D0F /* ContainerViewController.swift */; };
		4777C6AD2272129700155D0F /* CenterVCDelegate.swift in Sources */ = {isa = PBXBuildFile; fileRef = 4777C6AC2272129700155D0F /* CenterVCDelegate.swift */; };
		4777C6B02272312500155D0F /* UIViewExt.swift in Sources */ = {isa = PBXBuildFile; fileRef = 4777C6AF2272312500155D0F /* UIViewExt.swift */; };
		4777C6B22272401200155D0F /* LoginViewController.swift in Sources */ = {isa = PBXBuildFile; fileRef = 4777C6B12272401200155D0F /* LoginViewController.swift */; };
		4777C6B42278662500155D0F /* RoundedCornerTextField.swift in Sources */ = {isa = PBXBuildFile; fileRef = 4777C6B32278662500155D0F /* RoundedCornerTextField.swift */; };
		4777C6B6227ABFB200155D0F /* GoogleService-Info.plist in Resources */ = {isa = PBXBuildFile; fileRef = 4777C6B5227ABFB100155D0F /* GoogleService-Info.plist */; };
		D4B5C35DCAC9D72FF42ED8E5 /* Pods_HitchHicher.framework in Frameworks */ = {isa = PBXBuildFile; fileRef = 0976D5F1ED4D5EEAA101ADBF /* Pods_HitchHicher.framework */; };
/* End PBXBuildFile section */

/* Begin PBXFileReference section */
		0976D5F1ED4D5EEAA101ADBF /* Pods_HitchHicher.framework */ = {isa = PBXFileReference; explicitFileType = wrapper.framework; includeInIndex = 0; path = Pods_HitchHicher.framework; sourceTree = BUILT_PRODUCTS_DIR; };
		4742AC0322802A6A00CC32C5 /* DataService.swift */ = {isa = PBXFileReference; lastKnownFileType = sourcecode.swift; path = DataService.swift; sourceTree = "<group>"; };
		4742AC0522847A1600CC32C5 /* UpdateService.swift */ = {isa = PBXFileReference; lastKnownFileType = sourcecode.swift; path = UpdateService.swift; sourceTree = "<group>"; };
		4742AC0722847F9600CC32C5 /* DriverAnnotation.swift */ = {isa = PBXFileReference; lastKnownFileType = sourcecode.swift; path = DriverAnnotation.swift; sourceTree = "<group>"; };
		4742AC09228C488000CC32C5 /* PassengerAnnotation.swift */ = {isa = PBXFileReference; lastKnownFileType = sourcecode.swift; path = PassengerAnnotation.swift; sourceTree = "<group>"; };
		4742AC0B228D6C4400CC32C5 /* UiViewControllerExt.swift */ = {isa = PBXFileReference; lastKnownFileType = sourcecode.swift; path = UiViewControllerExt.swift; sourceTree = "<group>"; };
		4742AC0D228D9D3100CC32C5 /* Alertable.swift */ = {isa = PBXFileReference; lastKnownFileType = sourcecode.swift; path = Alertable.swift; sourceTree = "<group>"; };
		4742AC0F228DBBE700CC32C5 /* PickupViewController.swift */ = {isa = PBXFileReference; lastKnownFileType = sourcecode.swift; path = PickupViewController.swift; sourceTree = "<group>"; };
		4742AC11228DBCC000CC32C5 /* RoundMapView.swift */ = {isa = PBXFileReference; lastKnownFileType = sourcecode.swift; path = RoundMapView.swift; sourceTree = "<group>"; };
		4777C685226F736800155D0F /* HitchHicher.app */ = {isa = PBXFileReference; explicitFileType = wrapper.application; includeInIndex = 0; path = HitchHicher.app; sourceTree = BUILT_PRODUCTS_DIR; };
		4777C688226F736800155D0F /* AppDelegate.swift */ = {isa = PBXFileReference; lastKnownFileType = sourcecode.swift; path = AppDelegate.swift; sourceTree = "<group>"; };
		4777C68A226F736800155D0F /* HomeViewController.swift */ = {isa = PBXFileReference; lastKnownFileType = sourcecode.swift; path = HomeViewController.swift; sourceTree = "<group>"; };
		4777C68D226F736800155D0F /* Base */ = {isa = PBXFileReference; lastKnownFileType = file.storyboard; name = Base; path = Base.lproj/Main.storyboard; sourceTree = "<group>"; };
		4777C68F226F736E00155D0F /* Assets.xcassets */ = {isa = PBXFileReference; lastKnownFileType = folder.assetcatalog; path = Assets.xcassets; sourceTree = "<group>"; };
		4777C692226F736E00155D0F /* Base */ = {isa = PBXFileReference; lastKnownFileType = file.storyboard; name = Base; path = Base.lproj/LaunchScreen.storyboard; sourceTree = "<group>"; };
		4777C694226F736E00155D0F /* Info.plist */ = {isa = PBXFileReference; lastKnownFileType = text.plist.xml; path = Info.plist; sourceTree = "<group>"; };
		4777C69D2271DACC00155D0F /* GradientView.swift */ = {isa = PBXFileReference; lastKnownFileType = sourcecode.swift; path = GradientView.swift; sourceTree = "<group>"; };
		4777C69F2271E33500155D0F /* RoundImageView.swift */ = {isa = PBXFileReference; lastKnownFileType = sourcecode.swift; path = RoundImageView.swift; sourceTree = "<group>"; };
		4777C6A12271E44900155D0F /* RoundedShadowView.swift */ = {isa = PBXFileReference; lastKnownFileType = sourcecode.swift; path = RoundedShadowView.swift; sourceTree = "<group>"; };
		4777C6A32271E53B00155D0F /* CircleView.swift */ = {isa = PBXFileReference; lastKnownFileType = sourcecode.swift; path = CircleView.swift; sourceTree = "<group>"; };
		4777C6A52271E6FC00155D0F /* RoundedShadowButton.swift */ = {isa = PBXFileReference; lastKnownFileType = sourcecode.swift; path = RoundedShadowButton.swift; sourceTree = "<group>"; };
		4777C6A72272046C00155D0F /* SlidePanelViewController.swift */ = {isa = PBXFileReference; lastKnownFileType = sourcecode.swift; path = SlidePanelViewController.swift; sourceTree = "<group>"; };
		4777C6A92272050800155D0F /* ContainerViewController.swift */ = {isa = PBXFileReference; lastKnownFileType = sourcecode.swift; path = ContainerViewController.swift; sourceTree = "<group>"; };
		4777C6AC2272129700155D0F /* CenterVCDelegate.swift */ = {isa = PBXFileReference; lastKnownFileType = sourcecode.swift; path = CenterVCDelegate.swift; sourceTree = "<group>"; };
		4777C6AF2272312500155D0F /* UIViewExt.swift */ = {isa = PBXFileReference; lastKnownFileType = sourcecode.swift; path = UIViewExt.swift; sourceTree = "<group>"; };
		4777C6B12272401200155D0F /* LoginViewController.swift */ = {isa = PBXFileReference; lastKnownFileType = sourcecode.swift; path = LoginViewController.swift; sourceTree = "<group>"; };
		4777C6B32278662500155D0F /* RoundedCornerTextField.swift */ = {isa = PBXFileReference; lastKnownFileType = sourcecode.swift; path = RoundedCornerTextField.swift; sourceTree = "<group>"; };
		4777C6B5227ABFB100155D0F /* GoogleService-Info.plist */ = {isa = PBXFileReference; fileEncoding = 4; lastKnownFileType = text.plist.xml; path = "GoogleService-Info.plist"; sourceTree = "<group>"; };
		4BA971B4B2E9B4DD7985015C /* Pods-HitchHicher.release.xcconfig */ = {isa = PBXFileReference; includeInIndex = 1; lastKnownFileType = text.xcconfig; name = "Pods-HitchHicher.release.xcconfig"; path = "Pods/Target Support Files/Pods-HitchHicher/Pods-HitchHicher.release.xcconfig"; sourceTree = "<group>"; };
		571A0A3368F9853194CBDCF9 /* Pods-HitchHicher.debug.xcconfig */ = {isa = PBXFileReference; includeInIndex = 1; lastKnownFileType = text.xcconfig; name = "Pods-HitchHicher.debug.xcconfig"; path = "Pods/Target Support Files/Pods-HitchHicher/Pods-HitchHicher.debug.xcconfig"; sourceTree = "<group>"; };
/* End PBXFileReference section */

/* Begin PBXFrameworksBuildPhase section */
		4777C682226F736800155D0F /* Frameworks */ = {
			isa = PBXFrameworksBuildPhase;
			buildActionMask = 2147483647;
			files = (
				D4B5C35DCAC9D72FF42ED8E5 /* Pods_HitchHicher.framework in Frameworks */,
			);
			runOnlyForDeploymentPostprocessing = 0;
		};
/* End PBXFrameworksBuildPhase section */

/* Begin PBXGroup section */
		4742AC0222802A4F00CC32C5 /* Services */ = {
			isa = PBXGroup;
			children = (
				4742AC0322802A6A00CC32C5 /* DataService.swift */,
				4742AC0522847A1600CC32C5 /* UpdateService.swift */,
			);
			path = Services;
			sourceTree = "<group>";
		};
		4777C67C226F736800155D0F = {
			isa = PBXGroup;
			children = (
				4777C687226F736800155D0F /* HitchHicher */,
				4777C686226F736800155D0F /* Products */,
				F6514CE8B1AC2C1CA36DE42B /* Pods */,
				C112428FFB0F6E32577952BD /* Frameworks */,
			);
			sourceTree = "<group>";
		};
		4777C686226F736800155D0F /* Products */ = {
			isa = PBXGroup;
			children = (
				4777C685226F736800155D0F /* HitchHicher.app */,
			);
			name = Products;
			sourceTree = "<group>";
		};
		4777C687226F736800155D0F /* HitchHicher */ = {
			isa = PBXGroup;
			children = (
				4742AC0222802A4F00CC32C5 /* Services */,
				4777C6AE2272310C00155D0F /* Extensions */,
				4777C6AB2272127900155D0F /* Protocols */,
				4777C69C2271DA9B00155D0F /* Model */,
				4777C69B2271DA9300155D0F /* View */,
				4777C69A2271DA8900155D0F /* Controller */,
				4777C688226F736800155D0F /* AppDelegate.swift */,
				4777C68C226F736800155D0F /* Main.storyboard */,
				4777C68F226F736E00155D0F /* Assets.xcassets */,
				4777C691226F736E00155D0F /* LaunchScreen.storyboard */,
				4777C694226F736E00155D0F /* Info.plist */,
				4777C6B5227ABFB100155D0F /* GoogleService-Info.plist */,
			);
			path = HitchHicher;
			sourceTree = "<group>";
		};
		4777C69A2271DA8900155D0F /* Controller */ = {
			isa = PBXGroup;
			children = (
				4777C6A72272046C00155D0F /* SlidePanelViewController.swift */,
				4777C68A226F736800155D0F /* HomeViewController.swift */,
				4777C6A92272050800155D0F /* ContainerViewController.swift */,
				4777C6B12272401200155D0F /* LoginViewController.swift */,
				4742AC0F228DBBE700CC32C5 /* PickupViewController.swift */,
			);
			path = Controller;
			sourceTree = "<group>";
		};
		4777C69B2271DA9300155D0F /* View */ = {
			isa = PBXGroup;
			children = (
				4777C69D2271DACC00155D0F /* GradientView.swift */,
				4777C69F2271E33500155D0F /* RoundImageView.swift */,
				4777C6A12271E44900155D0F /* RoundedShadowView.swift */,
				4777C6A32271E53B00155D0F /* CircleView.swift */,
				4777C6A52271E6FC00155D0F /* RoundedShadowButton.swift */,
				4777C6B32278662500155D0F /* RoundedCornerTextField.swift */,
				4742AC0722847F9600CC32C5 /* DriverAnnotation.swift */,
				4742AC09228C488000CC32C5 /* PassengerAnnotation.swift */,
				4742AC11228DBCC000CC32C5 /* RoundMapView.swift */,
			);
			path = View;
			sourceTree = "<group>";
		};
		4777C69C2271DA9B00155D0F /* Model */ = {
			isa = PBXGroup;
			children = (
			);
			path = Model;
			sourceTree = "<group>";
		};
		4777C6AB2272127900155D0F /* Protocols */ = {
			isa = PBXGroup;
			children = (
				4777C6AC2272129700155D0F /* CenterVCDelegate.swift */,
				4742AC0D228D9D3100CC32C5 /* Alertable.swift */,
			);
			path = Protocols;
			sourceTree = "<group>";
		};
		4777C6AE2272310C00155D0F /* Extensions */ = {
			isa = PBXGroup;
			children = (
				4777C6AF2272312500155D0F /* UIViewExt.swift */,
				4742AC0B228D6C4400CC32C5 /* UiViewControllerExt.swift */,
			);
			path = Extensions;
			sourceTree = "<group>";
		};
		C112428FFB0F6E32577952BD /* Frameworks */ = {
			isa = PBXGroup;
			children = (
				0976D5F1ED4D5EEAA101ADBF /* Pods_HitchHicher.framework */,
			);
			name = Frameworks;
			sourceTree = "<group>";
		};
		F6514CE8B1AC2C1CA36DE42B /* Pods */ = {
			isa = PBXGroup;
			children = (
				571A0A3368F9853194CBDCF9 /* Pods-HitchHicher.debug.xcconfig */,
				4BA971B4B2E9B4DD7985015C /* Pods-HitchHicher.release.xcconfig */,
			);
			name = Pods;
			sourceTree = "<group>";
		};
/* End PBXGroup section */

/* Begin PBXNativeTarget section */
		4777C684226F736800155D0F /* HitchHicher */ = {
			isa = PBXNativeTarget;
			buildConfigurationList = 4777C697226F736E00155D0F /* Build configuration list for PBXNativeTarget "HitchHicher" */;
			buildPhases = (
				F24E290EFEF7530161ADB70E /* [CP] Check Pods Manifest.lock */,
				4777C681226F736800155D0F /* Sources */,
				4777C682226F736800155D0F /* Frameworks */,
				4777C683226F736800155D0F /* Resources */,
				89152A315FC12D27A71C3737 /* [CP] Embed Pods Frameworks */,
			);
			buildRules = (
			);
			dependencies = (
			);
			name = HitchHicher;
			productName = HitchHicher;
			productReference = 4777C685226F736800155D0F /* HitchHicher.app */;
			productType = "com.apple.product-type.application";
		};
/* End PBXNativeTarget section */

/* Begin PBXProject section */
		4777C67D226F736800155D0F /* Project object */ = {
			isa = PBXProject;
			attributes = {
				LastSwiftUpdateCheck = 1010;
				LastUpgradeCheck = 1010;
				ORGANIZATIONNAME = "Henry Chukwu";
				TargetAttributes = {
					4777C684226F736800155D0F = {
						CreatedOnToolsVersion = 10.1;
					};
				};
			};
			buildConfigurationList = 4777C680226F736800155D0F /* Build configuration list for PBXProject "HitchHicher" */;
			compatibilityVersion = "Xcode 9.3";
			developmentRegion = en;
			hasScannedForEncodings = 0;
			knownRegions = (
				en,
				Base,
			);
			mainGroup = 4777C67C226F736800155D0F;
			productRefGroup = 4777C686226F736800155D0F /* Products */;
			projectDirPath = "";
			projectRoot = "";
			targets = (
				4777C684226F736800155D0F /* HitchHicher */,
			);
		};
/* End PBXProject section */

/* Begin PBXResourcesBuildPhase section */
		4777C683226F736800155D0F /* Resources */ = {
			isa = PBXResourcesBuildPhase;
			buildActionMask = 2147483647;
			files = (
				4777C693226F736E00155D0F /* LaunchScreen.storyboard in Resources */,
				4777C6B6227ABFB200155D0F /* GoogleService-Info.plist in Resources */,
				4777C690226F736E00155D0F /* Assets.xcassets in Resources */,
				4777C68E226F736800155D0F /* Main.storyboard in Resources */,
			);
			runOnlyForDeploymentPostprocessing = 0;
		};
/* End PBXResourcesBuildPhase section */

/* Begin PBXShellScriptBuildPhase section */
		89152A315FC12D27A71C3737 /* [CP] Embed Pods Frameworks */ = {
			isa = PBXShellScriptBuildPhase;
			buildActionMask = 2147483647;
			files = (
			);
			inputFileListPaths = (
			);
			inputPaths = (
				"${SRCROOT}/Pods/Target Support Files/Pods-HitchHicher/Pods-HitchHicher-frameworks.sh",
				"${BUILT_PRODUCTS_DIR}/GTMSessionFetcher/GTMSessionFetcher.framework",
				"${BUILT_PRODUCTS_DIR}/GoogleUtilities/GoogleUtilities.framework",
				"${BUILT_PRODUCTS_DIR}/RevealingSplashView/RevealingSplashView.framework",
				"${BUILT_PRODUCTS_DIR}/leveldb-library/leveldb.framework",
				"${BUILT_PRODUCTS_DIR}/nanopb/nanopb.framework",
			);
			name = "[CP] Embed Pods Frameworks";
			outputFileListPaths = (
			);
			outputPaths = (
				"${TARGET_BUILD_DIR}/${FRAMEWORKS_FOLDER_PATH}/GTMSessionFetcher.framework",
				"${TARGET_BUILD_DIR}/${FRAMEWORKS_FOLDER_PATH}/GoogleUtilities.framework",
				"${TARGET_BUILD_DIR}/${FRAMEWORKS_FOLDER_PATH}/RevealingSplashView.framework",
				"${TARGET_BUILD_DIR}/${FRAMEWORKS_FOLDER_PATH}/leveldb.framework",
				"${TARGET_BUILD_DIR}/${FRAMEWORKS_FOLDER_PATH}/nanopb.framework",
			);
			runOnlyForDeploymentPostprocessing = 0;
			shellPath = /bin/sh;
			shellScript = "\"${SRCROOT}/Pods/Target Support Files/Pods-HitchHicher/Pods-HitchHicher-frameworks.sh\"\n";
			showEnvVarsInLog = 0;
		};
		F24E290EFEF7530161ADB70E /* [CP] Check Pods Manifest.lock */ = {
			isa = PBXShellScriptBuildPhase;
			buildActionMask = 2147483647;
			files = (
			);
			inputFileListPaths = (
			);
			inputPaths = (
				"${PODS_PODFILE_DIR_PATH}/Podfile.lock",
				"${PODS_ROOT}/Manifest.lock",
			);
			name = "[CP] Check Pods Manifest.lock";
			outputFileListPaths = (
			);
			outputPaths = (
				"$(DERIVED_FILE_DIR)/Pods-HitchHicher-checkManifestLockResult.txt",
			);
			runOnlyForDeploymentPostprocessing = 0;
			shellPath = /bin/sh;
			shellScript = "diff \"${PODS_PODFILE_DIR_PATH}/Podfile.lock\" \"${PODS_ROOT}/Manifest.lock\" > /dev/null\nif [ $? != 0 ] ; then\n    # print error to STDERR\n    echo \"error: The sandbox is not in sync with the Podfile.lock. Run 'pod install' or update your CocoaPods installation.\" >&2\n    exit 1\nfi\n# This output is used by Xcode 'outputs' to avoid re-running this script phase.\necho \"SUCCESS\" > \"${SCRIPT_OUTPUT_FILE_0}\"\n";
			showEnvVarsInLog = 0;
		};
/* End PBXShellScriptBuildPhase section */

/* Begin PBXSourcesBuildPhase section */
		4777C681226F736800155D0F /* Sources */ = {
			isa = PBXSourcesBuildPhase;
			buildActionMask = 2147483647;
			files = (
				4742AC10228DBBE700CC32C5 /* PickupViewController.swift in Sources */,
				4777C6B22272401200155D0F /* LoginViewController.swift in Sources */,
				4742AC0422802A6A00CC32C5 /* DataService.swift in Sources */,
				4777C6AD2272129700155D0F /* CenterVCDelegate.swift in Sources */,
				4777C6A62271E6FC00155D0F /* RoundedShadowButton.swift in Sources */,
				4777C6A82272046C00155D0F /* SlidePanelViewController.swift in Sources */,
				4777C6A42271E53B00155D0F /* CircleView.swift in Sources */,
				4777C68B226F736800155D0F /* HomeViewController.swift in Sources */,
				4742AC0A228C488000CC32C5 /* PassengerAnnotation.swift in Sources */,
				4742AC0C228D6C4400CC32C5 /* UiViewControllerExt.swift in Sources */,
				4777C6B02272312500155D0F /* UIViewExt.swift in Sources */,
				4742AC0822847F9600CC32C5 /* DriverAnnotation.swift in Sources */,
				4742AC0E228D9D3100CC32C5 /* Alertable.swift in Sources */,
				4777C6A02271E33500155D0F /* RoundImageView.swift in Sources */,
				4742AC0622847A1600CC32C5 /* UpdateService.swift in Sources */,
				4742AC12228DBCC000CC32C5 /* RoundMapView.swift in Sources */,
				4777C6A22271E44900155D0F /* RoundedShadowView.swift in Sources */,
				4777C689226F736800155D0F /* AppDelegate.swift in Sources */,
				4777C6B42278662500155D0F /* RoundedCornerTextField.swift in Sources */,
				4777C6AA2272050800155D0F /* ContainerViewController.swift in Sources */,
				4777C69E2271DACC00155D0F /* GradientView.swift in Sources */,
			);
			runOnlyForDeploymentPostprocessing = 0;
		};
/* End PBXSourcesBuildPhase section */

/* Begin PBXVariantGroup section */
		4777C68C226F736800155D0F /* Main.storyboard */ = {
			isa = PBXVariantGroup;
			children = (
				4777C68D226F736800155D0F /* Base */,
			);
			name = Main.storyboard;
			sourceTree = "<group>";
		};
		4777C691226F736E00155D0F /* LaunchScreen.storyboard */ = {
			isa = PBXVariantGroup;
			children = (
				4777C692226F736E00155D0F /* Base */,
			);
			name = LaunchScreen.storyboard;
			sourceTree = "<group>";
		};
/* End PBXVariantGroup section */

/* Begin XCBuildConfiguration section */
		4777C695226F736E00155D0F /* Debug */ = {
			isa = XCBuildConfiguration;
			buildSettings = {
				ALWAYS_SEARCH_USER_PATHS = NO;
				CLANG_ANALYZER_NONNULL = YES;
				CLANG_ANALYZER_NUMBER_OBJECT_CONVERSION = YES_AGGRESSIVE;
				CLANG_CXX_LANGUAGE_STANDARD = "gnu++14";
				CLANG_CXX_LIBRARY = "libc++";
				CLANG_ENABLE_MODULES = YES;
				CLANG_ENABLE_OBJC_ARC = YES;
				CLANG_ENABLE_OBJC_WEAK = YES;
				CLANG_WARN_BLOCK_CAPTURE_AUTORELEASING = YES;
				CLANG_WARN_BOOL_CONVERSION = YES;
				CLANG_WARN_COMMA = YES;
				CLANG_WARN_CONSTANT_CONVERSION = YES;
				CLANG_WARN_DEPRECATED_OBJC_IMPLEMENTATIONS = YES;
				CLANG_WARN_DIRECT_OBJC_ISA_USAGE = YES_ERROR;
				CLANG_WARN_DOCUMENTATION_COMMENTS = YES;
				CLANG_WARN_EMPTY_BODY = YES;
				CLANG_WARN_ENUM_CONVERSION = YES;
				CLANG_WARN_INFINITE_RECURSION = YES;
				CLANG_WARN_INT_CONVERSION = YES;
				CLANG_WARN_NON_LITERAL_NULL_CONVERSION = YES;
				CLANG_WARN_OBJC_IMPLICIT_RETAIN_SELF = YES;
				CLANG_WARN_OBJC_LITERAL_CONVERSION = YES;
				CLANG_WARN_OBJC_ROOT_CLASS = YES_ERROR;
				CLANG_WARN_RANGE_LOOP_ANALYSIS = YES;
				CLANG_WARN_STRICT_PROTOTYPES = YES;
				CLANG_WARN_SUSPICIOUS_MOVE = YES;
				CLANG_WARN_UNGUARDED_AVAILABILITY = YES_AGGRESSIVE;
				CLANG_WARN_UNREACHABLE_CODE = YES;
				CLANG_WARN__DUPLICATE_METHOD_MATCH = YES;
				CODE_SIGN_IDENTITY = "iPhone Developer";
				COPY_PHASE_STRIP = NO;
				DEBUG_INFORMATION_FORMAT = dwarf;
				ENABLE_STRICT_OBJC_MSGSEND = YES;
				ENABLE_TESTABILITY = YES;
				GCC_C_LANGUAGE_STANDARD = gnu11;
				GCC_DYNAMIC_NO_PIC = NO;
				GCC_NO_COMMON_BLOCKS = YES;
				GCC_OPTIMIZATION_LEVEL = 0;
				GCC_PREPROCESSOR_DEFINITIONS = (
					"DEBUG=1",
					"$(inherited)",
				);
				GCC_WARN_64_TO_32_BIT_CONVERSION = YES;
				GCC_WARN_ABOUT_RETURN_TYPE = YES_ERROR;
				GCC_WARN_UNDECLARED_SELECTOR = YES;
				GCC_WARN_UNINITIALIZED_AUTOS = YES_AGGRESSIVE;
				GCC_WARN_UNUSED_FUNCTION = YES;
				GCC_WARN_UNUSED_VARIABLE = YES;
				IPHONEOS_DEPLOYMENT_TARGET = 12.1;
				MTL_ENABLE_DEBUG_INFO = INCLUDE_SOURCE;
				MTL_FAST_MATH = YES;
				ONLY_ACTIVE_ARCH = YES;
				SDKROOT = iphoneos;
				SWIFT_ACTIVE_COMPILATION_CONDITIONS = DEBUG;
				SWIFT_OPTIMIZATION_LEVEL = "-Onone";
			};
			name = Debug;
		};
		4777C696226F736E00155D0F /* Release */ = {
			isa = XCBuildConfiguration;
			buildSettings = {
				ALWAYS_SEARCH_USER_PATHS = NO;
				CLANG_ANALYZER_NONNULL = YES;
				CLANG_ANALYZER_NUMBER_OBJECT_CONVERSION = YES_AGGRESSIVE;
				CLANG_CXX_LANGUAGE_STANDARD = "gnu++14";
				CLANG_CXX_LIBRARY = "libc++";
				CLANG_ENABLE_MODULES = YES;
				CLANG_ENABLE_OBJC_ARC = YES;
				CLANG_ENABLE_OBJC_WEAK = YES;
				CLANG_WARN_BLOCK_CAPTURE_AUTORELEASING = YES;
				CLANG_WARN_BOOL_CONVERSION = YES;
				CLANG_WARN_COMMA = YES;
				CLANG_WARN_CONSTANT_CONVERSION = YES;
				CLANG_WARN_DEPRECATED_OBJC_IMPLEMENTATIONS = YES;
				CLANG_WARN_DIRECT_OBJC_ISA_USAGE = YES_ERROR;
				CLANG_WARN_DOCUMENTATION_COMMENTS = YES;
				CLANG_WARN_EMPTY_BODY = YES;
				CLANG_WARN_ENUM_CONVERSION = YES;
				CLANG_WARN_INFINITE_RECURSION = YES;
				CLANG_WARN_INT_CONVERSION = YES;
				CLANG_WARN_NON_LITERAL_NULL_CONVERSION = YES;
				CLANG_WARN_OBJC_IMPLICIT_RETAIN_SELF = YES;
				CLANG_WARN_OBJC_LITERAL_CONVERSION = YES;
				CLANG_WARN_OBJC_ROOT_CLASS = YES_ERROR;
				CLANG_WARN_RANGE_LOOP_ANALYSIS = YES;
				CLANG_WARN_STRICT_PROTOTYPES = YES;
				CLANG_WARN_SUSPICIOUS_MOVE = YES;
				CLANG_WARN_UNGUARDED_AVAILABILITY = YES_AGGRESSIVE;
				CLANG_WARN_UNREACHABLE_CODE = YES;
				CLANG_WARN__DUPLICATE_METHOD_MATCH = YES;
				CODE_SIGN_IDENTITY = "iPhone Developer";
				COPY_PHASE_STRIP = NO;
				DEBUG_INFORMATION_FORMAT = "dwarf-with-dsym";
				ENABLE_NS_ASSERTIONS = NO;
				ENABLE_STRICT_OBJC_MSGSEND = YES;
				GCC_C_LANGUAGE_STANDARD = gnu11;
				GCC_NO_COMMON_BLOCKS = YES;
				GCC_WARN_64_TO_32_BIT_CONVERSION = YES;
				GCC_WARN_ABOUT_RETURN_TYPE = YES_ERROR;
				GCC_WARN_UNDECLARED_SELECTOR = YES;
				GCC_WARN_UNINITIALIZED_AUTOS = YES_AGGRESSIVE;
				GCC_WARN_UNUSED_FUNCTION = YES;
				GCC_WARN_UNUSED_VARIABLE = YES;
				IPHONEOS_DEPLOYMENT_TARGET = 12.1;
				MTL_ENABLE_DEBUG_INFO = NO;
				MTL_FAST_MATH = YES;
				SDKROOT = iphoneos;
				SWIFT_COMPILATION_MODE = wholemodule;
				SWIFT_OPTIMIZATION_LEVEL = "-O";
				VALIDATE_PRODUCT = YES;
			};
			name = Release;
		};
		4777C698226F736E00155D0F /* Debug */ = {
			isa = XCBuildConfiguration;
			baseConfigurationReference = 571A0A3368F9853194CBDCF9 /* Pods-HitchHicher.debug.xcconfig */;
			buildSettings = {
				ASSETCATALOG_COMPILER_APPICON_NAME = AppIcon;
				CODE_SIGN_STYLE = Automatic;
				DEVELOPMENT_TEAM = A39EXWY942;
				INFOPLIST_FILE = HitchHicher/Info.plist;
				LD_RUNPATH_SEARCH_PATHS = (
					"$(inherited)",
					"@executable_path/Frameworks",
				);
				PRODUCT_BUNDLE_IDENTIFIER = com.henry.HitchHicher;
				PRODUCT_NAME = "$(TARGET_NAME)";
				SWIFT_VERSION = 4.2;
				TARGETED_DEVICE_FAMILY = "1,2";
			};
			name = Debug;
		};
		4777C699226F736E00155D0F /* Release */ = {
			isa = XCBuildConfiguration;
			baseConfigurationReference = 4BA971B4B2E9B4DD7985015C /* Pods-HitchHicher.release.xcconfig */;
			buildSettings = {
				ASSETCATALOG_COMPILER_APPICON_NAME = AppIcon;
				CODE_SIGN_STYLE = Automatic;
				DEVELOPMENT_TEAM = A39EXWY942;
				INFOPLIST_FILE = HitchHicher/Info.plist;
				LD_RUNPATH_SEARCH_PATHS = (
					"$(inherited)",
					"@executable_path/Frameworks",
				);
				PRODUCT_BUNDLE_IDENTIFIER = com.henry.HitchHicher;
				PRODUCT_NAME = "$(TARGET_NAME)";
				SWIFT_VERSION = 4.2;
				TARGETED_DEVICE_FAMILY = "1,2";
			};
			name = Release;
		};
/* End XCBuildConfiguration section */

/* Begin XCConfigurationList section */
		4777C680226F736800155D0F /* Build configuration list for PBXProject "HitchHicher" */ = {
			isa = XCConfigurationList;
			buildConfigurations = (
				4777C695226F736E00155D0F /* Debug */,
				4777C696226F736E00155D0F /* Release */,
			);
			defaultConfigurationIsVisible = 0;
			defaultConfigurationName = Release;
		};
		4777C697226F736E00155D0F /* Build configuration list for PBXNativeTarget "HitchHicher" */ = {
			isa = XCConfigurationList;
			buildConfigurations = (
				4777C698226F736E00155D0F /* Debug */,
				4777C699226F736E00155D0F /* Release */,
			);
			defaultConfigurationIsVisible = 0;
			defaultConfigurationName = Release;
		};
/* End XCConfigurationList section */
	};
	rootObject = 4777C67D226F736800155D0F /* Project object */;
}
